
Microsoft Visual Studio Solution File, Format Version 12.00
# Visual Studio Version 16
VisualStudioVersion = 25.0.1705.4
MinimumVisualStudioVersion = 10.0.40219.1
Project("{FAE04EC0-301F-11D3-BF4B-00C04F79EFBC}") = "Task1(28.05)", "Task1(28.05)\Task1(28.05).csproj", "{D71A1441-CBA2-4779-9F38-F875CA7834EA}"
EndProject
Global
	GlobalSection(SolutionConfigurationPlatforms) = preSolution
		Debug|Any CPU = Debug|Any CPU
		Release|Any CPU = Release|Any CPU
	EndGlobalSection
	GlobalSection(ProjectConfigurationPlatforms) = postSolution
		{D71A1441-CBA2-4779-9F38-F875CA7834EA}.Debug|Any CPU.ActiveCfg = Debug|Any CPU
		{D71A1441-CBA2-4779-9F38-F875CA7834EA}.Debug|Any CPU.Build.0 = Debug|Any CPU
		{D71A1441-CBA2-4779-9F38-F875CA7834EA}.Release|Any CPU.ActiveCfg = Release|Any CPU
		{D71A1441-CBA2-4779-9F38-F875CA7834EA}.Release|Any CPU.Build.0 = Release|Any CPU
	EndGlobalSection
	GlobalSection(SolutionProperties) = preSolution
		HideSolutionNode = FALSE
	EndGlobalSection
	GlobalSection(ExtensibilityGlobals) = postSolution
		SolutionGuid = {902C96B5-BD95-48D7-89D4-81554BE00C34}
	EndGlobalSection
EndGlobal
